
Microsoft Visual Studio Solution File, Format Version 12.00
# Visual Studio 15
VisualStudioVersion = 15.0.27703.2047
MinimumVisualStudioVersion = 10.0.40219.1
Project("{8BC9CEB8-8B4A-11D0-8D11-00A0C91BC942}") = "MP_Team_regression", "MP_Team_regression\MP_Team_regression.vcxproj", "{452C41F3-10A9-4456-A16F-D36A350A23CF}"
EndProject
Project("{8BC9CEB8-8B4A-11D0-8D11-00A0C91BC942}") = "Multiple_Regression_CUDA", "Multiple_Regression_CUDA\Multiple_Regression_CUDA.vcxproj", "{D938D7C9-FAF6-4461-9E64-1D1A96D2D597}"
EndProject
Global
	GlobalSection(SolutionConfigurationPlatforms) = preSolution
		Debug|x64 = Debug|x64
		Debug|x86 = Debug|x86
		Release|x64 = Release|x64
		Release|x86 = Release|x86
	EndGlobalSection
	GlobalSection(ProjectConfigurationPlatforms) = postSolution
		{452C41F3-10A9-4456-A16F-D36A350A23CF}.Debug|x64.ActiveCfg = Debug|x64
		{452C41F3-10A9-4456-A16F-D36A350A23CF}.Debug|x64.Build.0 = Debug|x64
		{452C41F3-10A9-4456-A16F-D36A350A23CF}.Debug|x86.ActiveCfg = Debug|Win32
		{452C41F3-10A9-4456-A16F-D36A350A23CF}.Debug|x86.Build.0 = Debug|Win32
		{452C41F3-10A9-4456-A16F-D36A350A23CF}.Release|x64.ActiveCfg = Release|x64
		{452C41F3-10A9-4456-A16F-D36A350A23CF}.Release|x64.Build.0 = Release|x64
		{452C41F3-10A9-4456-A16F-D36A350A23CF}.Release|x86.ActiveCfg = Release|Win32
		{452C41F3-10A9-4456-A16F-D36A350A23CF}.Release|x86.Build.0 = Release|Win32
		{D938D7C9-FAF6-4461-9E64-1D1A96D2D597}.Debug|x64.ActiveCfg = Debug|x64
		{D938D7C9-FAF6-4461-9E64-1D1A96D2D597}.Debug|x64.Build.0 = Debug|x64
		{D938D7C9-FAF6-4461-9E64-1D1A96D2D597}.Debug|x86.ActiveCfg = Debug|x64
		{D938D7C9-FAF6-4461-9E64-1D1A96D2D597}.Release|x64.ActiveCfg = Release|x64
		{D938D7C9-FAF6-4461-9E64-1D1A96D2D597}.Release|x64.Build.0 = Release|x64
		{D938D7C9-FAF6-4461-9E64-1D1A96D2D597}.Release|x86.ActiveCfg = Release|x64
	EndGlobalSection
	GlobalSection(SolutionProperties) = preSolution
		HideSolutionNode = FALSE
	EndGlobalSection
	GlobalSection(ExtensibilityGlobals) = postSolution
		SolutionGuid = {E39B583D-F113-489B-9801-17EF053271F6}
	EndGlobalSection
EndGlobal
